
Microsoft Visual Studio Solution File, Format Version 12.00
# Visual Studio 15
Project("{FAE04EC0-301F-11D3-BF4B-00C04F79EFBC}") = "Assembly-CSharp", "Assembly-CSharp.csproj", "{33E0FABD-41C5-4178-4E13-9E8B2308ECDC}"
EndProject
Project("{FAE04EC0-301F-11D3-BF4B-00C04F79EFBC}") = "Assembly-CSharp-Editor", "Assembly-CSharp-Editor.csproj", "{9E347E12-0A5E-8678-1518-A416D11C648C}"
EndProject
Global
	GlobalSection(SolutionConfigurationPlatforms) = preSolution
		Debug|Any CPU = Debug|Any CPU
		Release|Any CPU = Release|Any CPU
	EndGlobalSection
	GlobalSection(ProjectConfigurationPlatforms) = postSolution
		{33E0FABD-41C5-4178-4E13-9E8B2308ECDC}.Debug|Any CPU.ActiveCfg = Debug|Any CPU
		{33E0FABD-41C5-4178-4E13-9E8B2308ECDC}.Debug|Any CPU.Build.0 = Debug|Any CPU
		{33E0FABD-41C5-4178-4E13-9E8B2308ECDC}.Release|Any CPU.ActiveCfg = Release|Any CPU
		{33E0FABD-41C5-4178-4E13-9E8B2308ECDC}.Release|Any CPU.Build.0 = Release|Any CPU
		{9E347E12-0A5E-8678-1518-A416D11C648C}.Debug|Any CPU.ActiveCfg = Debug|Any CPU
		{9E347E12-0A5E-8678-1518-A416D11C648C}.Debug|Any CPU.Build.0 = Debug|Any CPU
		{9E347E12-0A5E-8678-1518-A416D11C648C}.Release|Any CPU.ActiveCfg = Release|Any CPU
		{9E347E12-0A5E-8678-1518-A416D11C648C}.Release|Any CPU.Build.0 = Release|Any CPU
	EndGlobalSection
	GlobalSection(SolutionProperties) = preSolution
		HideSolutionNode = FALSE
	EndGlobalSection
EndGlobal
